
Microsoft Visual Studio Solution File, Format Version 12.00
# Visual Studio Version 16
VisualStudioVersion = 16.0.31205.134
MinimumVisualStudioVersion = 10.0.40219.1
Project("{FAE04EC0-301F-11D3-BF4B-00C04F79EFBC}") = "placement_places", "placement_places\placement_places.csproj", "{2BCAA902-4E3F-4B94-AB36-B5A957F75117}"
EndProject
Project("{FAE04EC0-301F-11D3-BF4B-00C04F79EFBC}") = "BLL", "BLL\BLL.csproj", "{32E64763-E7F9-4851-A4E8-CDA379EDCAB5}"
EndProject
Project("{FAE04EC0-301F-11D3-BF4B-00C04F79EFBC}") = "DAL", "DAL\DAL.csproj", "{017F2D1A-D174-4DAB-BABE-58AE01614597}"
EndProject
Project("{FAE04EC0-301F-11D3-BF4B-00C04F79EFBC}") = "PL", "PL\PL.csproj", "{541572BD-455F-4C4E-B028-3982B5B1844C}"
EndProject
Global
	GlobalSection(SolutionConfigurationPlatforms) = preSolution
		Debug|Any CPU = Debug|Any CPU
		Release|Any CPU = Release|Any CPU
	EndGlobalSection
	GlobalSection(ProjectConfigurationPlatforms) = postSolution
		{2BCAA902-4E3F-4B94-AB36-B5A957F75117}.Debug|Any CPU.ActiveCfg = Debug|Any CPU
		{2BCAA902-4E3F-4B94-AB36-B5A957F75117}.Debug|Any CPU.Build.0 = Debug|Any CPU
		{2BCAA902-4E3F-4B94-AB36-B5A957F75117}.Release|Any CPU.ActiveCfg = Release|Any CPU
		{2BCAA902-4E3F-4B94-AB36-B5A957F75117}.Release|Any CPU.Build.0 = Release|Any CPU
		{32E64763-E7F9-4851-A4E8-CDA379EDCAB5}.Debug|Any CPU.ActiveCfg = Debug|Any CPU
		{32E64763-E7F9-4851-A4E8-CDA379EDCAB5}.Debug|Any CPU.Build.0 = Debug|Any CPU
		{32E64763-E7F9-4851-A4E8-CDA379EDCAB5}.Release|Any CPU.ActiveCfg = Release|Any CPU
		{32E64763-E7F9-4851-A4E8-CDA379EDCAB5}.Release|Any CPU.Build.0 = Release|Any CPU
		{017F2D1A-D174-4DAB-BABE-58AE01614597}.Debug|Any CPU.ActiveCfg = Debug|Any CPU
		{017F2D1A-D174-4DAB-BABE-58AE01614597}.Debug|Any CPU.Build.0 = Debug|Any CPU
		{017F2D1A-D174-4DAB-BABE-58AE01614597}.Release|Any CPU.ActiveCfg = Release|Any CPU
		{017F2D1A-D174-4DAB-BABE-58AE01614597}.Release|Any CPU.Build.0 = Release|Any CPU
		{541572BD-455F-4C4E-B028-3982B5B1844C}.Debug|Any CPU.ActiveCfg = Debug|Any CPU
		{541572BD-455F-4C4E-B028-3982B5B1844C}.Debug|Any CPU.Build.0 = Debug|Any CPU
		{541572BD-455F-4C4E-B028-3982B5B1844C}.Release|Any CPU.ActiveCfg = Release|Any CPU
		{541572BD-455F-4C4E-B028-3982B5B1844C}.Release|Any CPU.Build.0 = Release|Any CPU
	EndGlobalSection
	GlobalSection(SolutionProperties) = preSolution
		HideSolutionNode = FALSE
	EndGlobalSection
	GlobalSection(ExtensibilityGlobals) = postSolution
		SolutionGuid = {D2DD56C1-32C6-4BCE-B667-B14F7BEED23D}
	EndGlobalSection
EndGlobal
